// !$*UTF8*$!
{
	archiveVersion = 1;
	classes = {
	};
	objectVersion = 46;
	objects = {

/* Begin PBXBuildFile section */
		69A3B2E6C6F39AE57376ADAB /* Pods_MDBSocialsUITests.framework in Frameworks */ = {isa = PBXBuildFile; fileRef = CFA8C935E6DD5293F47F2A01 /* Pods_MDBSocialsUITests.framework */; };
		B63D04DA0DA685E0BEB4179E /* Pods_MDBSocialsTests.framework in Frameworks */ = {isa = PBXBuildFile; fileRef = F0F9392240604CF7040D9BB5 /* Pods_MDBSocialsTests.framework */; };
		B76A37A8C6C9121B8E2EE730 /* Pods_MDBSocials.framework in Frameworks */ = {isa = PBXBuildFile; fileRef = DA047B78082D840877008D69 /* Pods_MDBSocials.framework */; };
		F3D4A6B51F7C716500B772EB /* AppDelegate.swift in Sources */ = {isa = PBXBuildFile; fileRef = F3D4A6B41F7C716500B772EB /* AppDelegate.swift */; };
		F3D4A6B71F7C716500B772EB /* SignupViewController.swift in Sources */ = {isa = PBXBuildFile; fileRef = F3D4A6B61F7C716500B772EB /* SignupViewController.swift */; };
		F3D4A6BA1F7C716500B772EB /* Main.storyboard in Resources */ = {isa = PBXBuildFile; fileRef = F3D4A6B81F7C716500B772EB /* Main.storyboard */; };
		F3D4A6BC1F7C716500B772EB /* Assets.xcassets in Resources */ = {isa = PBXBuildFile; fileRef = F3D4A6BB1F7C716500B772EB /* Assets.xcassets */; };
		F3D4A6BF1F7C716500B772EB /* LaunchScreen.storyboard in Resources */ = {isa = PBXBuildFile; fileRef = F3D4A6BD1F7C716500B772EB /* LaunchScreen.storyboard */; };
		F3D4A6CA1F7C716500B772EB /* MDBSocialsTests.swift in Sources */ = {isa = PBXBuildFile; fileRef = F3D4A6C91F7C716500B772EB /* MDBSocialsTests.swift */; };
		F3D4A6D51F7C716500B772EB /* MDBSocialsUITests.swift in Sources */ = {isa = PBXBuildFile; fileRef = F3D4A6D41F7C716500B772EB /* MDBSocialsUITests.swift */; };
		F3D4A6E31F7C719400B772EB /* LoginViewController.swift in Sources */ = {isa = PBXBuildFile; fileRef = F3D4A6E21F7C719400B772EB /* LoginViewController.swift */; };
		F3D4A6E51F7C71A400B772EB /* FeedViewController.swift in Sources */ = {isa = PBXBuildFile; fileRef = F3D4A6E41F7C71A400B772EB /* FeedViewController.swift */; };
		F3D4A6E71F7C720400B772EB /* DetailViewController.swift in Sources */ = {isa = PBXBuildFile; fileRef = F3D4A6E61F7C720400B772EB /* DetailViewController.swift */; };
		F3D4A6E91F7C720F00B772EB /* NewSocialViewController.swift in Sources */ = {isa = PBXBuildFile; fileRef = F3D4A6E81F7C720F00B772EB /* NewSocialViewController.swift */; };
		F3D4A6EB1F7CE9CF00B772EB /* LandingViewController.swift in Sources */ = {isa = PBXBuildFile; fileRef = F3D4A6EA1F7CE9CF00B772EB /* LandingViewController.swift */; };
		F3D4A6ED1F7D022D00B772EB /* TextField.swift in Sources */ = {isa = PBXBuildFile; fileRef = F3D4A6EC1F7D022D00B772EB /* TextField.swift */; };
		F3D4A6F01F7D0B4600B772EB /* GoogleService-Info.plist in Resources */ = {isa = PBXBuildFile; fileRef = F3D4A6EF1F7D0B4600B772EB /* GoogleService-Info.plist */; };
		F3D4A6F41F7D125300B772EB /* User.swift in Sources */ = {isa = PBXBuildFile; fileRef = F3D4A6F31F7D125300B772EB /* User.swift */; };
		F3D4A6F61F7D12BC00B772EB /* Post.swift in Sources */ = {isa = PBXBuildFile; fileRef = F3D4A6F51F7D12BC00B772EB /* Post.swift */; };
		F3D4A6F91F7D274500B772EB /* FirebaseUtilities.swift in Sources */ = {isa = PBXBuildFile; fileRef = F3D4A6F81F7D274500B772EB /* FirebaseUtilities.swift */; };
/* End PBXBuildFile section */

/* Begin PBXContainerItemProxy section */
		F3D4A6C61F7C716500B772EB /* PBXContainerItemProxy */ = {
			isa = PBXContainerItemProxy;
			containerPortal = F3D4A6A91F7C716500B772EB /* Project object */;
			proxyType = 1;
			remoteGlobalIDString = F3D4A6B01F7C716500B772EB;
			remoteInfo = MDBSocials;
		};
		F3D4A6D11F7C716500B772EB /* PBXContainerItemProxy */ = {
			isa = PBXContainerItemProxy;
			containerPortal = F3D4A6A91F7C716500B772EB /* Project object */;
			proxyType = 1;
			remoteGlobalIDString = F3D4A6B01F7C716500B772EB;
			remoteInfo = MDBSocials;
		};
/* End PBXContainerItemProxy section */

/* Begin PBXFileReference section */
		393A9355B53D26A38F36FB2D /* Pods-MDBSocials.release.xcconfig */ = {isa = PBXFileReference; includeInIndex = 1; lastKnownFileType = text.xcconfig; name = "Pods-MDBSocials.release.xcconfig"; path = "Pods/Target Support Files/Pods-MDBSocials/Pods-MDBSocials.release.xcconfig"; sourceTree = "<group>"; };
		5BD74B6DD0AC9513E28C9E21 /* Pods-MDBSocialsUITests.debug.xcconfig */ = {isa = PBXFileReference; includeInIndex = 1; lastKnownFileType = text.xcconfig; name = "Pods-MDBSocialsUITests.debug.xcconfig"; path = "Pods/Target Support Files/Pods-MDBSocialsUITests/Pods-MDBSocialsUITests.debug.xcconfig"; sourceTree = "<group>"; };
		AB6C69AF4E48073020557B28 /* Pods-MDBSocials.debug.xcconfig */ = {isa = PBXFileReference; includeInIndex = 1; lastKnownFileType = text.xcconfig; name = "Pods-MDBSocials.debug.xcconfig"; path = "Pods/Target Support Files/Pods-MDBSocials/Pods-MDBSocials.debug.xcconfig"; sourceTree = "<group>"; };
		B494236BFEEE58D6E92AF830 /* Pods-MDBSocialsUITests.release.xcconfig */ = {isa = PBXFileReference; includeInIndex = 1; lastKnownFileType = text.xcconfig; name = "Pods-MDBSocialsUITests.release.xcconfig"; path = "Pods/Target Support Files/Pods-MDBSocialsUITests/Pods-MDBSocialsUITests.release.xcconfig"; sourceTree = "<group>"; };
		CFA8C935E6DD5293F47F2A01 /* Pods_MDBSocialsUITests.framework */ = {isa = PBXFileReference; explicitFileType = wrapper.framework; includeInIndex = 0; path = Pods_MDBSocialsUITests.framework; sourceTree = BUILT_PRODUCTS_DIR; };
		D08BE2F7383E6DAF48FC4C04 /* Pods-MDBSocialsTests.release.xcconfig */ = {isa = PBXFileReference; includeInIndex = 1; lastKnownFileType = text.xcconfig; name = "Pods-MDBSocialsTests.release.xcconfig"; path = "Pods/Target Support Files/Pods-MDBSocialsTests/Pods-MDBSocialsTests.release.xcconfig"; sourceTree = "<group>"; };
		DA047B78082D840877008D69 /* Pods_MDBSocials.framework */ = {isa = PBXFileReference; explicitFileType = wrapper.framework; includeInIndex = 0; path = Pods_MDBSocials.framework; sourceTree = BUILT_PRODUCTS_DIR; };
		DAC0EB3C9CC38698739EEC4F /* Pods-MDBSocialsTests.debug.xcconfig */ = {isa = PBXFileReference; includeInIndex = 1; lastKnownFileType = text.xcconfig; name = "Pods-MDBSocialsTests.debug.xcconfig"; path = "Pods/Target Support Files/Pods-MDBSocialsTests/Pods-MDBSocialsTests.debug.xcconfig"; sourceTree = "<group>"; };
		F0F9392240604CF7040D9BB5 /* Pods_MDBSocialsTests.framework */ = {isa = PBXFileReference; explicitFileType = wrapper.framework; includeInIndex = 0; path = Pods_MDBSocialsTests.framework; sourceTree = BUILT_PRODUCTS_DIR; };
		F3D4A6B11F7C716500B772EB /* MDBSocials.app */ = {isa = PBXFileReference; explicitFileType = wrapper.application; includeInIndex = 0; path = MDBSocials.app; sourceTree = BUILT_PRODUCTS_DIR; };
		F3D4A6B41F7C716500B772EB /* AppDelegate.swift */ = {isa = PBXFileReference; lastKnownFileType = sourcecode.swift; path = AppDelegate.swift; sourceTree = "<group>"; };
		F3D4A6B61F7C716500B772EB /* SignupViewController.swift */ = {isa = PBXFileReference; lastKnownFileType = sourcecode.swift; path = SignupViewController.swift; sourceTree = "<group>"; };
		F3D4A6B91F7C716500B772EB /* Base */ = {isa = PBXFileReference; lastKnownFileType = file.storyboard; name = Base; path = Base.lproj/Main.storyboard; sourceTree = "<group>"; };
		F3D4A6BB1F7C716500B772EB /* Assets.xcassets */ = {isa = PBXFileReference; lastKnownFileType = folder.assetcatalog; path = Assets.xcassets; sourceTree = "<group>"; };
		F3D4A6BE1F7C716500B772EB /* Base */ = {isa = PBXFileReference; lastKnownFileType = file.storyboard; name = Base; path = Base.lproj/LaunchScreen.storyboard; sourceTree = "<group>"; };
		F3D4A6C01F7C716500B772EB /* Info.plist */ = {isa = PBXFileReference; lastKnownFileType = text.plist.xml; path = Info.plist; sourceTree = "<group>"; };
		F3D4A6C51F7C716500B772EB /* MDBSocialsTests.xctest */ = {isa = PBXFileReference; explicitFileType = wrapper.cfbundle; includeInIndex = 0; path = MDBSocialsTests.xctest; sourceTree = BUILT_PRODUCTS_DIR; };
		F3D4A6C91F7C716500B772EB /* MDBSocialsTests.swift */ = {isa = PBXFileReference; lastKnownFileType = sourcecode.swift; path = MDBSocialsTests.swift; sourceTree = "<group>"; };
		F3D4A6CB1F7C716500B772EB /* Info.plist */ = {isa = PBXFileReference; lastKnownFileType = text.plist.xml; path = Info.plist; sourceTree = "<group>"; };
		F3D4A6D01F7C716500B772EB /* MDBSocialsUITests.xctest */ = {isa = PBXFileReference; explicitFileType = wrapper.cfbundle; includeInIndex = 0; path = MDBSocialsUITests.xctest; sourceTree = BUILT_PRODUCTS_DIR; };
		F3D4A6D41F7C716500B772EB /* MDBSocialsUITests.swift */ = {isa = PBXFileReference; lastKnownFileType = sourcecode.swift; path = MDBSocialsUITests.swift; sourceTree = "<group>"; };
		F3D4A6D61F7C716500B772EB /* Info.plist */ = {isa = PBXFileReference; lastKnownFileType = text.plist.xml; path = Info.plist; sourceTree = "<group>"; };
		F3D4A6E21F7C719400B772EB /* LoginViewController.swift */ = {isa = PBXFileReference; fileEncoding = 4; lastKnownFileType = sourcecode.swift; path = LoginViewController.swift; sourceTree = "<group>"; };
		F3D4A6E41F7C71A400B772EB /* FeedViewController.swift */ = {isa = PBXFileReference; fileEncoding = 4; lastKnownFileType = sourcecode.swift; path = FeedViewController.swift; sourceTree = "<group>"; };
		F3D4A6E61F7C720400B772EB /* DetailViewController.swift */ = {isa = PBXFileReference; fileEncoding = 4; lastKnownFileType = sourcecode.swift; path = DetailViewController.swift; sourceTree = "<group>"; };
		F3D4A6E81F7C720F00B772EB /* NewSocialViewController.swift */ = {isa = PBXFileReference; fileEncoding = 4; lastKnownFileType = sourcecode.swift; path = NewSocialViewController.swift; sourceTree = "<group>"; };
		F3D4A6EA1F7CE9CF00B772EB /* LandingViewController.swift */ = {isa = PBXFileReference; fileEncoding = 4; lastKnownFileType = sourcecode.swift; path = LandingViewController.swift; sourceTree = "<group>"; };
		F3D4A6EC1F7D022D00B772EB /* TextField.swift */ = {isa = PBXFileReference; fileEncoding = 4; lastKnownFileType = sourcecode.swift; path = TextField.swift; sourceTree = "<group>"; };
		F3D4A6EF1F7D0B4600B772EB /* GoogleService-Info.plist */ = {isa = PBXFileReference; fileEncoding = 4; lastKnownFileType = text.plist.xml; path = "GoogleService-Info.plist"; sourceTree = "<group>"; };
		F3D4A6F31F7D125300B772EB /* User.swift */ = {isa = PBXFileReference; fileEncoding = 4; lastKnownFileType = sourcecode.swift; path = User.swift; sourceTree = "<group>"; };
		F3D4A6F51F7D12BC00B772EB /* Post.swift */ = {isa = PBXFileReference; fileEncoding = 4; lastKnownFileType = sourcecode.swift; path = Post.swift; sourceTree = "<group>"; };
		F3D4A6F81F7D274500B772EB /* FirebaseUtilities.swift */ = {isa = PBXFileReference; fileEncoding = 4; lastKnownFileType = sourcecode.swift; path = FirebaseUtilities.swift; sourceTree = "<group>"; };
/* End PBXFileReference section */

/* Begin PBXFrameworksBuildPhase section */
		F3D4A6AE1F7C716500B772EB /* Frameworks */ = {
			isa = PBXFrameworksBuildPhase;
			buildActionMask = 2147483647;
			files = (
				B76A37A8C6C9121B8E2EE730 /* Pods_MDBSocials.framework in Frameworks */,
			);
			runOnlyForDeploymentPostprocessing = 0;
		};
		F3D4A6C21F7C716500B772EB /* Frameworks */ = {
			isa = PBXFrameworksBuildPhase;
			buildActionMask = 2147483647;
			files = (
				B63D04DA0DA685E0BEB4179E /* Pods_MDBSocialsTests.framework in Frameworks */,
			);
			runOnlyForDeploymentPostprocessing = 0;
		};
		F3D4A6CD1F7C716500B772EB /* Frameworks */ = {
			isa = PBXFrameworksBuildPhase;
			buildActionMask = 2147483647;
			files = (
				69A3B2E6C6F39AE57376ADAB /* Pods_MDBSocialsUITests.framework in Frameworks */,
			);
			runOnlyForDeploymentPostprocessing = 0;
		};
/* End PBXFrameworksBuildPhase section */

/* Begin PBXGroup section */
		0282B6DAFE01F98ABC8B56E3 /* Pods */ = {
			isa = PBXGroup;
			children = (
				AB6C69AF4E48073020557B28 /* Pods-MDBSocials.debug.xcconfig */,
				393A9355B53D26A38F36FB2D /* Pods-MDBSocials.release.xcconfig */,
				DAC0EB3C9CC38698739EEC4F /* Pods-MDBSocialsTests.debug.xcconfig */,
				D08BE2F7383E6DAF48FC4C04 /* Pods-MDBSocialsTests.release.xcconfig */,
				5BD74B6DD0AC9513E28C9E21 /* Pods-MDBSocialsUITests.debug.xcconfig */,
				B494236BFEEE58D6E92AF830 /* Pods-MDBSocialsUITests.release.xcconfig */,
			);
			name = Pods;
			sourceTree = "<group>";
		};
		5C0845FAB73248A11984A425 /* Frameworks */ = {
			isa = PBXGroup;
			children = (
				DA047B78082D840877008D69 /* Pods_MDBSocials.framework */,
				F0F9392240604CF7040D9BB5 /* Pods_MDBSocialsTests.framework */,
				CFA8C935E6DD5293F47F2A01 /* Pods_MDBSocialsUITests.framework */,
			);
			name = Frameworks;
			sourceTree = "<group>";
		};
		F3D4A6A81F7C716500B772EB = {
			isa = PBXGroup;
			children = (
				F3D4A6B31F7C716500B772EB /* MDBSocials */,
				F3D4A6C81F7C716500B772EB /* MDBSocialsTests */,
				F3D4A6D31F7C716500B772EB /* MDBSocialsUITests */,
				F3D4A6B21F7C716500B772EB /* Products */,
				0282B6DAFE01F98ABC8B56E3 /* Pods */,
				5C0845FAB73248A11984A425 /* Frameworks */,
			);
			sourceTree = "<group>";
		};
		F3D4A6B21F7C716500B772EB /* Products */ = {
			isa = PBXGroup;
			children = (
				F3D4A6B11F7C716500B772EB /* MDBSocials.app */,
				F3D4A6C51F7C716500B772EB /* MDBSocialsTests.xctest */,
				F3D4A6D01F7C716500B772EB /* MDBSocialsUITests.xctest */,
			);
			name = Products;
			sourceTree = "<group>";
		};
		F3D4A6B31F7C716500B772EB /* MDBSocials */ = {
			isa = PBXGroup;
			children = (
				F3D4A6B41F7C716500B772EB /* AppDelegate.swift */,
				F3D4A6F71F7D159E00B772EB /* Model */,
				F3D4A6EE1F7D05C100B772EB /* View Controllers */,
				F3D4A6EC1F7D022D00B772EB /* TextField.swift */,
				F3D4A6F81F7D274500B772EB /* FirebaseUtilities.swift */,
				F3D4A6B81F7C716500B772EB /* Main.storyboard */,
				F3D4A6BB1F7C716500B772EB /* Assets.xcassets */,
				F3D4A6BD1F7C716500B772EB /* LaunchScreen.storyboard */,
				F3D4A6EF1F7D0B4600B772EB /* GoogleService-Info.plist */,
				F3D4A6C01F7C716500B772EB /* Info.plist */,
			);
			path = MDBSocials;
			sourceTree = "<group>";
		};
		F3D4A6C81F7C716500B772EB /* MDBSocialsTests */ = {
			isa = PBXGroup;
			children = (
				F3D4A6C91F7C716500B772EB /* MDBSocialsTests.swift */,
				F3D4A6CB1F7C716500B772EB /* Info.plist */,
			);
			path = MDBSocialsTests;
			sourceTree = "<group>";
		};
		F3D4A6D31F7C716500B772EB /* MDBSocialsUITests */ = {
			isa = PBXGroup;
			children = (
				F3D4A6D41F7C716500B772EB /* MDBSocialsUITests.swift */,
				F3D4A6D61F7C716500B772EB /* Info.plist */,
			);
			path = MDBSocialsUITests;
			sourceTree = "<group>";
		};
		F3D4A6EE1F7D05C100B772EB /* View Controllers */ = {
			isa = PBXGroup;
			children = (
				F3D4A6B61F7C716500B772EB /* SignupViewController.swift */,
				F3D4A6EA1F7CE9CF00B772EB /* LandingViewController.swift */,
				F3D4A6E21F7C719400B772EB /* LoginViewController.swift */,
				F3D4A6E41F7C71A400B772EB /* FeedViewController.swift */,
				F3D4A6E61F7C720400B772EB /* DetailViewController.swift */,
				F3D4A6E81F7C720F00B772EB /* NewSocialViewController.swift */,
			);
			name = "View Controllers";
			sourceTree = "<group>";
		};
		F3D4A6F71F7D159E00B772EB /* Model */ = {
			isa = PBXGroup;
			children = (
				F3D4A6F31F7D125300B772EB /* User.swift */,
				F3D4A6F51F7D12BC00B772EB /* Post.swift */,
			);
			name = Model;
			sourceTree = "<group>";
		};
/* End PBXGroup section */

/* Begin PBXNativeTarget section */
		F3D4A6B01F7C716500B772EB /* MDBSocials */ = {
			isa = PBXNativeTarget;
			buildConfigurationList = F3D4A6D91F7C716500B772EB /* Build configuration list for PBXNativeTarget "MDBSocials" */;
			buildPhases = (
				03CF8CA5D71539C3F974F4CA /* [CP] Check Pods Manifest.lock */,
				F3D4A6AD1F7C716500B772EB /* Sources */,
				F3D4A6AE1F7C716500B772EB /* Frameworks */,
				F3D4A6AF1F7C716500B772EB /* Resources */,
				BE07EBF6F42E582459A0A851 /* [CP] Embed Pods Frameworks */,
				F35B52C8C4DB5E2C35E69D77 /* [CP] Copy Pods Resources */,
			);
			buildRules = (
			);
			dependencies = (
			);
			name = MDBSocials;
			productName = MDBSocials;
			productReference = F3D4A6B11F7C716500B772EB /* MDBSocials.app */;
			productType = "com.apple.product-type.application";
		};
		F3D4A6C41F7C716500B772EB /* MDBSocialsTests */ = {
			isa = PBXNativeTarget;
			buildConfigurationList = F3D4A6DC1F7C716500B772EB /* Build configuration list for PBXNativeTarget "MDBSocialsTests" */;
			buildPhases = (
				C86AB76F08EA821684AFAE6E /* [CP] Check Pods Manifest.lock */,
				F3D4A6C11F7C716500B772EB /* Sources */,
				F3D4A6C21F7C716500B772EB /* Frameworks */,
				F3D4A6C31F7C716500B772EB /* Resources */,
				B2341F842CCC2A6AD87E17E0 /* [CP] Embed Pods Frameworks */,
				8C09D41B28E3BDB4A094D12F /* [CP] Copy Pods Resources */,
			);
			buildRules = (
			);
			dependencies = (
				F3D4A6C71F7C716500B772EB /* PBXTargetDependency */,
			);
			name = MDBSocialsTests;
			productName = MDBSocialsTests;
			productReference = F3D4A6C51F7C716500B772EB /* MDBSocialsTests.xctest */;
			productType = "com.apple.product-type.bundle.unit-test";
		};
		F3D4A6CF1F7C716500B772EB /* MDBSocialsUITests */ = {
			isa = PBXNativeTarget;
			buildConfigurationList = F3D4A6DF1F7C716500B772EB /* Build configuration list for PBXNativeTarget "MDBSocialsUITests" */;
			buildPhases = (
				EA442FD50F1042DB7EB1C217 /* [CP] Check Pods Manifest.lock */,
				F3D4A6CC1F7C716500B772EB /* Sources */,
				F3D4A6CD1F7C716500B772EB /* Frameworks */,
				F3D4A6CE1F7C716500B772EB /* Resources */,
				6ADA899F0801CCF7CD6617B5 /* [CP] Embed Pods Frameworks */,
				60A9536EFC2194E525D5A1E2 /* [CP] Copy Pods Resources */,
			);
			buildRules = (
			);
			dependencies = (
				F3D4A6D21F7C716500B772EB /* PBXTargetDependency */,
			);
			name = MDBSocialsUITests;
			productName = MDBSocialsUITests;
			productReference = F3D4A6D01F7C716500B772EB /* MDBSocialsUITests.xctest */;
			productType = "com.apple.product-type.bundle.ui-testing";
		};
/* End PBXNativeTarget section */

/* Begin PBXProject section */
		F3D4A6A91F7C716500B772EB /* Project object */ = {
			isa = PBXProject;
			attributes = {
				LastSwiftUpdateCheck = 0830;
				LastUpgradeCheck = 0830;
				ORGANIZATIONNAME = "Louie McConnell";
				TargetAttributes = {
					F3D4A6B01F7C716500B772EB = {
						CreatedOnToolsVersion = 8.3.3;
						DevelopmentTeam = 8W895595MW;
						ProvisioningStyle = Automatic;
					};
					F3D4A6C41F7C716500B772EB = {
						CreatedOnToolsVersion = 8.3.3;
						DevelopmentTeam = 8W895595MW;
						ProvisioningStyle = Automatic;
						TestTargetID = F3D4A6B01F7C716500B772EB;
					};
					F3D4A6CF1F7C716500B772EB = {
						CreatedOnToolsVersion = 8.3.3;
						DevelopmentTeam = 8W895595MW;
						ProvisioningStyle = Automatic;
						TestTargetID = F3D4A6B01F7C716500B772EB;
					};
				};
			};
			buildConfigurationList = F3D4A6AC1F7C716500B772EB /* Build configuration list for PBXProject "MDBSocials" */;
			compatibilityVersion = "Xcode 3.2";
			developmentRegion = English;
			hasScannedForEncodings = 0;
			knownRegions = (
				en,
				Base,
			);
			mainGroup = F3D4A6A81F7C716500B772EB;
			productRefGroup = F3D4A6B21F7C716500B772EB /* Products */;
			projectDirPath = "";
			projectRoot = "";
			targets = (
				F3D4A6B01F7C716500B772EB /* MDBSocials */,
				F3D4A6C41F7C716500B772EB /* MDBSocialsTests */,
				F3D4A6CF1F7C716500B772EB /* MDBSocialsUITests */,
			);
		};
/* End PBXProject section */

/* Begin PBXResourcesBuildPhase section */
		F3D4A6AF1F7C716500B772EB /* Resources */ = {
			isa = PBXResourcesBuildPhase;
			buildActionMask = 2147483647;
			files = (
				F3D4A6BF1F7C716500B772EB /* LaunchScreen.storyboard in Resources */,
				F3D4A6F01F7D0B4600B772EB /* GoogleService-Info.plist in Resources */,
				F3D4A6BC1F7C716500B772EB /* Assets.xcassets in Resources */,
				F3D4A6BA1F7C716500B772EB /* Main.storyboard in Resources */,
			);
			runOnlyForDeploymentPostprocessing = 0;
		};
		F3D4A6C31F7C716500B772EB /* Resources */ = {
			isa = PBXResourcesBuildPhase;
			buildActionMask = 2147483647;
			files = (
			);
			runOnlyForDeploymentPostprocessing = 0;
		};
		F3D4A6CE1F7C716500B772EB /* Resources */ = {
			isa = PBXResourcesBuildPhase;
			buildActionMask = 2147483647;
			files = (
			);
			runOnlyForDeploymentPostprocessing = 0;
		};
/* End PBXResourcesBuildPhase section */

/* Begin PBXShellScriptBuildPhase section */
		03CF8CA5D71539C3F974F4CA /* [CP] Check Pods Manifest.lock */ = {
			isa = PBXShellScriptBuildPhase;
			buildActionMask = 2147483647;
			files = (
			);
			inputPaths = (
				"${PODS_PODFILE_DIR_PATH}/Podfile.lock",
				"${PODS_ROOT}/Manifest.lock",
			);
			name = "[CP] Check Pods Manifest.lock";
			outputPaths = (
				"$(DERIVED_FILE_DIR)/Pods-MDBSocials-checkManifestLockResult.txt",
			);
			runOnlyForDeploymentPostprocessing = 0;
			shellPath = /bin/sh;
			shellScript = "diff \"${PODS_PODFILE_DIR_PATH}/Podfile.lock\" \"${PODS_ROOT}/Manifest.lock\" > /dev/null\nif [ $? != 0 ] ; then\n    # print error to STDERR\n    echo \"error: The sandbox is not in sync with the Podfile.lock. Run 'pod install' or update your CocoaPods installation.\" >&2\n    exit 1\nfi\n# This output is used by Xcode 'outputs' to avoid re-running this script phase.\necho \"SUCCESS\" > \"${SCRIPT_OUTPUT_FILE_0}\"\n";
			showEnvVarsInLog = 0;
		};
		60A9536EFC2194E525D5A1E2 /* [CP] Copy Pods Resources */ = {
			isa = PBXShellScriptBuildPhase;
			buildActionMask = 2147483647;
			files = (
			);
			inputPaths = (
			);
			name = "[CP] Copy Pods Resources";
			outputPaths = (
			);
			runOnlyForDeploymentPostprocessing = 0;
			shellPath = /bin/sh;
			shellScript = "\"${SRCROOT}/Pods/Target Support Files/Pods-MDBSocialsUITests/Pods-MDBSocialsUITests-resources.sh\"\n";
			showEnvVarsInLog = 0;
		};
		6ADA899F0801CCF7CD6617B5 /* [CP] Embed Pods Frameworks */ = {
			isa = PBXShellScriptBuildPhase;
			buildActionMask = 2147483647;
			files = (
			);
			inputPaths = (
			);
			name = "[CP] Embed Pods Frameworks";
			outputPaths = (
			);
			runOnlyForDeploymentPostprocessing = 0;
			shellPath = /bin/sh;
			shellScript = "\"${SRCROOT}/Pods/Target Support Files/Pods-MDBSocialsUITests/Pods-MDBSocialsUITests-frameworks.sh\"\n";
			showEnvVarsInLog = 0;
		};
		8C09D41B28E3BDB4A094D12F /* [CP] Copy Pods Resources */ = {
			isa = PBXShellScriptBuildPhase;
			buildActionMask = 2147483647;
			files = (
			);
			inputPaths = (
			);
			name = "[CP] Copy Pods Resources";
			outputPaths = (
			);
			runOnlyForDeploymentPostprocessing = 0;
			shellPath = /bin/sh;
			shellScript = "\"${SRCROOT}/Pods/Target Support Files/Pods-MDBSocialsTests/Pods-MDBSocialsTests-resources.sh\"\n";
			showEnvVarsInLog = 0;
		};
		B2341F842CCC2A6AD87E17E0 /* [CP] Embed Pods Frameworks */ = {
			isa = PBXShellScriptBuildPhase;
			buildActionMask = 2147483647;
			files = (
			);
			inputPaths = (
			);
			name = "[CP] Embed Pods Frameworks";
			outputPaths = (
			);
			runOnlyForDeploymentPostprocessing = 0;
			shellPath = /bin/sh;
			shellScript = "\"${SRCROOT}/Pods/Target Support Files/Pods-MDBSocialsTests/Pods-MDBSocialsTests-frameworks.sh\"\n";
			showEnvVarsInLog = 0;
		};
		BE07EBF6F42E582459A0A851 /* [CP] Embed Pods Frameworks */ = {
			isa = PBXShellScriptBuildPhase;
			buildActionMask = 2147483647;
			files = (
			);
			inputPaths = (
				"${SRCROOT}/Pods/Target Support Files/Pods-MDBSocials/Pods-MDBSocials-frameworks.sh",
				"${BUILT_PRODUCTS_DIR}/GTMSessionFetcher/GTMSessionFetcher.framework",
				"${BUILT_PRODUCTS_DIR}/GoogleToolboxForMac/GoogleToolboxForMac.framework",
				"${BUILT_PRODUCTS_DIR}/leveldb-library/leveldb.framework",
				"${BUILT_PRODUCTS_DIR}/nanopb/nanopb.framework",
			);
			name = "[CP] Embed Pods Frameworks";
			outputPaths = (
				"${TARGET_BUILD_DIR}/${FRAMEWORKS_FOLDER_PATH}/GTMSessionFetcher.framework",
				"${TARGET_BUILD_DIR}/${FRAMEWORKS_FOLDER_PATH}/GoogleToolboxForMac.framework",
				"${TARGET_BUILD_DIR}/${FRAMEWORKS_FOLDER_PATH}/leveldb.framework",
				"${TARGET_BUILD_DIR}/${FRAMEWORKS_FOLDER_PATH}/nanopb.framework",
			);
			runOnlyForDeploymentPostprocessing = 0;
			shellPath = /bin/sh;
			shellScript = "\"${SRCROOT}/Pods/Target Support Files/Pods-MDBSocials/Pods-MDBSocials-frameworks.sh\"\n";
			showEnvVarsInLog = 0;
		};
		C86AB76F08EA821684AFAE6E /* [CP] Check Pods Manifest.lock */ = {
			isa = PBXShellScriptBuildPhase;
			buildActionMask = 2147483647;
			files = (
			);
			inputPaths = (
				"${PODS_PODFILE_DIR_PATH}/Podfile.lock",
				"${PODS_ROOT}/Manifest.lock",
			);
			name = "[CP] Check Pods Manifest.lock";
			outputPaths = (
				"$(DERIVED_FILE_DIR)/Pods-MDBSocialsTests-checkManifestLockResult.txt",
			);
			runOnlyForDeploymentPostprocessing = 0;
			shellPath = /bin/sh;
			shellScript = "diff \"${PODS_PODFILE_DIR_PATH}/Podfile.lock\" \"${PODS_ROOT}/Manifest.lock\" > /dev/null\nif [ $? != 0 ] ; then\n    # print error to STDERR\n    echo \"error: The sandbox is not in sync with the Podfile.lock. Run 'pod install' or update your CocoaPods installation.\" >&2\n    exit 1\nfi\n# This output is used by Xcode 'outputs' to avoid re-running this script phase.\necho \"SUCCESS\" > \"${SCRIPT_OUTPUT_FILE_0}\"\n";
			showEnvVarsInLog = 0;
		};
		EA442FD50F1042DB7EB1C217 /* [CP] Check Pods Manifest.lock */ = {
			isa = PBXShellScriptBuildPhase;
			buildActionMask = 2147483647;
			files = (
			);
			inputPaths = (
				"${PODS_PODFILE_DIR_PATH}/Podfile.lock",
				"${PODS_ROOT}/Manifest.lock",
			);
			name = "[CP] Check Pods Manifest.lock";
			outputPaths = (
				"$(DERIVED_FILE_DIR)/Pods-MDBSocialsUITests-checkManifestLockResult.txt",
			);
			runOnlyForDeploymentPostprocessing = 0;
			shellPath = /bin/sh;
			shellScript = "diff \"${PODS_PODFILE_DIR_PATH}/Podfile.lock\" \"${PODS_ROOT}/Manifest.lock\" > /dev/null\nif [ $? != 0 ] ; then\n    # print error to STDERR\n    echo \"error: The sandbox is not in sync with the Podfile.lock. Run 'pod install' or update your CocoaPods installation.\" >&2\n    exit 1\nfi\n# This output is used by Xcode 'outputs' to avoid re-running this script phase.\necho \"SUCCESS\" > \"${SCRIPT_OUTPUT_FILE_0}\"\n";
			showEnvVarsInLog = 0;
		};
		F35B52C8C4DB5E2C35E69D77 /* [CP] Copy Pods Resources */ = {
			isa = PBXShellScriptBuildPhase;
			buildActionMask = 2147483647;
			files = (
			);
			inputPaths = (
			);
			name = "[CP] Copy Pods Resources";
			outputPaths = (
			);
			runOnlyForDeploymentPostprocessing = 0;
			shellPath = /bin/sh;
			shellScript = "\"${SRCROOT}/Pods/Target Support Files/Pods-MDBSocials/Pods-MDBSocials-resources.sh\"\n";
			showEnvVarsInLog = 0;
		};
/* End PBXShellScriptBuildPhase section */

/* Begin PBXSourcesBuildPhase section */
		F3D4A6AD1F7C716500B772EB /* Sources */ = {
			isa = PBXSourcesBuildPhase;
			buildActionMask = 2147483647;
			files = (
				F3D4A6E31F7C719400B772EB /* LoginViewController.swift in Sources */,
				F3D4A6EB1F7CE9CF00B772EB /* LandingViewController.swift in Sources */,
				F3D4A6B71F7C716500B772EB /* SignupViewController.swift in Sources */,
				F3D4A6F91F7D274500B772EB /* FirebaseUtilities.swift in Sources */,
				F3D4A6ED1F7D022D00B772EB /* TextField.swift in Sources */,
				F3D4A6F61F7D12BC00B772EB /* Post.swift in Sources */,
				F3D4A6E91F7C720F00B772EB /* NewSocialViewController.swift in Sources */,
				F3D4A6F41F7D125300B772EB /* User.swift in Sources */,
				F3D4A6E71F7C720400B772EB /* DetailViewController.swift in Sources */,
				F3D4A6E51F7C71A400B772EB /* FeedViewController.swift in Sources */,
				F3D4A6B51F7C716500B772EB /* AppDelegate.swift in Sources */,
			);
			runOnlyForDeploymentPostprocessing = 0;
		};
		F3D4A6C11F7C716500B772EB /* Sources */ = {
			isa = PBXSourcesBuildPhase;
			buildActionMask = 2147483647;
			files = (
				F3D4A6CA1F7C716500B772EB /* MDBSocialsTests.swift in Sources */,
			);
			runOnlyForDeploymentPostprocessing = 0;
		};
		F3D4A6CC1F7C716500B772EB /* Sources */ = {
			isa = PBXSourcesBuildPhase;
			buildActionMask = 2147483647;
			files = (
				F3D4A6D51F7C716500B772EB /* MDBSocialsUITests.swift in Sources */,
			);
			runOnlyForDeploymentPostprocessing = 0;
		};
/* End PBXSourcesBuildPhase section */

/* Begin PBXTargetDependency section */
		F3D4A6C71F7C716500B772EB /* PBXTargetDependency */ = {
			isa = PBXTargetDependency;
			target = F3D4A6B01F7C716500B772EB /* MDBSocials */;
			targetProxy = F3D4A6C61F7C716500B772EB /* PBXContainerItemProxy */;
		};
		F3D4A6D21F7C716500B772EB /* PBXTargetDependency */ = {
			isa = PBXTargetDependency;
			target = F3D4A6B01F7C716500B772EB /* MDBSocials */;
			targetProxy = F3D4A6D11F7C716500B772EB /* PBXContainerItemProxy */;
		};
/* End PBXTargetDependency section */

/* Begin PBXVariantGroup section */
		F3D4A6B81F7C716500B772EB /* Main.storyboard */ = {
			isa = PBXVariantGroup;
			children = (
				F3D4A6B91F7C716500B772EB /* Base */,
			);
			name = Main.storyboard;
			sourceTree = "<group>";
		};
		F3D4A6BD1F7C716500B772EB /* LaunchScreen.storyboard */ = {
			isa = PBXVariantGroup;
			children = (
				F3D4A6BE1F7C716500B772EB /* Base */,
			);
			name = LaunchScreen.storyboard;
			sourceTree = "<group>";
		};
/* End PBXVariantGroup section */

/* Begin XCBuildConfiguration section */
		F3D4A6D71F7C716500B772EB /* Debug */ = {
			isa = XCBuildConfiguration;
			buildSettings = {
				ALWAYS_SEARCH_USER_PATHS = NO;
				CLANG_ANALYZER_NONNULL = YES;
				CLANG_ANALYZER_NUMBER_OBJECT_CONVERSION = YES_AGGRESSIVE;
				CLANG_CXX_LANGUAGE_STANDARD = "gnu++0x";
				CLANG_CXX_LIBRARY = "libc++";
				CLANG_ENABLE_MODULES = YES;
				CLANG_ENABLE_OBJC_ARC = YES;
				CLANG_WARN_BOOL_CONVERSION = YES;
				CLANG_WARN_CONSTANT_CONVERSION = YES;
				CLANG_WARN_DIRECT_OBJC_ISA_USAGE = YES_ERROR;
				CLANG_WARN_DOCUMENTATION_COMMENTS = YES;
				CLANG_WARN_EMPTY_BODY = YES;
				CLANG_WARN_ENUM_CONVERSION = YES;
				CLANG_WARN_INFINITE_RECURSION = YES;
				CLANG_WARN_INT_CONVERSION = YES;
				CLANG_WARN_OBJC_ROOT_CLASS = YES_ERROR;
				CLANG_WARN_SUSPICIOUS_MOVE = YES;
				CLANG_WARN_UNREACHABLE_CODE = YES;
				CLANG_WARN__DUPLICATE_METHOD_MATCH = YES;
				"CODE_SIGN_IDENTITY[sdk=iphoneos*]" = "iPhone Developer";
				COPY_PHASE_STRIP = NO;
				DEBUG_INFORMATION_FORMAT = dwarf;
				ENABLE_STRICT_OBJC_MSGSEND = YES;
				ENABLE_TESTABILITY = YES;
				GCC_C_LANGUAGE_STANDARD = gnu99;
				GCC_DYNAMIC_NO_PIC = NO;
				GCC_NO_COMMON_BLOCKS = YES;
				GCC_OPTIMIZATION_LEVEL = 0;
				GCC_PREPROCESSOR_DEFINITIONS = (
					"DEBUG=1",
					"$(inherited)",
				);
				GCC_WARN_64_TO_32_BIT_CONVERSION = YES;
				GCC_WARN_ABOUT_RETURN_TYPE = YES_ERROR;
				GCC_WARN_UNDECLARED_SELECTOR = YES;
				GCC_WARN_UNINITIALIZED_AUTOS = YES_AGGRESSIVE;
				GCC_WARN_UNUSED_FUNCTION = YES;
				GCC_WARN_UNUSED_VARIABLE = YES;
				IPHONEOS_DEPLOYMENT_TARGET = 10.3;
				MTL_ENABLE_DEBUG_INFO = YES;
				ONLY_ACTIVE_ARCH = YES;
				SDKROOT = iphoneos;
				SWIFT_ACTIVE_COMPILATION_CONDITIONS = DEBUG;
				SWIFT_OPTIMIZATION_LEVEL = "-Onone";
				TARGETED_DEVICE_FAMILY = "1,2";
			};
			name = Debug;
		};
		F3D4A6D81F7C716500B772EB /* Release */ = {
			isa = XCBuildConfiguration;
			buildSettings = {
				ALWAYS_SEARCH_USER_PATHS = NO;
				CLANG_ANALYZER_NONNULL = YES;
				CLANG_ANALYZER_NUMBER_OBJECT_CONVERSION = YES_AGGRESSIVE;
				CLANG_CXX_LANGUAGE_STANDARD = "gnu++0x";
				CLANG_CXX_LIBRARY = "libc++";
				CLANG_ENABLE_MODULES = YES;
				CLANG_ENABLE_OBJC_ARC = YES;
				CLANG_WARN_BOOL_CONVERSION = YES;
				CLANG_WARN_CONSTANT_CONVERSION = YES;
				CLANG_WARN_DIRECT_OBJC_ISA_USAGE = YES_ERROR;
				CLANG_WARN_DOCUMENTATION_COMMENTS = YES;
				CLANG_WARN_EMPTY_BODY = YES;
				CLANG_WARN_ENUM_CONVERSION = YES;
				CLANG_WARN_INFINITE_RECURSION = YES;
				CLANG_WARN_INT_CONVERSION = YES;
				CLANG_WARN_OBJC_ROOT_CLASS = YES_ERROR;
				CLANG_WARN_SUSPICIOUS_MOVE = YES;
				CLANG_WARN_UNREACHABLE_CODE = YES;
				CLANG_WARN__DUPLICATE_METHOD_MATCH = YES;
				"CODE_SIGN_IDENTITY[sdk=iphoneos*]" = "iPhone Developer";
				COPY_PHASE_STRIP = NO;
				DEBUG_INFORMATION_FORMAT = "dwarf-with-dsym";
				ENABLE_NS_ASSERTIONS = NO;
				ENABLE_STRICT_OBJC_MSGSEND = YES;
				GCC_C_LANGUAGE_STANDARD = gnu99;
				GCC_NO_COMMON_BLOCKS = YES;
				GCC_WARN_64_TO_32_BIT_CONVERSION = YES;
				GCC_WARN_ABOUT_RETURN_TYPE = YES_ERROR;
				GCC_WARN_UNDECLARED_SELECTOR = YES;
				GCC_WARN_UNINITIALIZED_AUTOS = YES_AGGRESSIVE;
				GCC_WARN_UNUSED_FUNCTION = YES;
				GCC_WARN_UNUSED_VARIABLE = YES;
				IPHONEOS_DEPLOYMENT_TARGET = 10.3;
				MTL_ENABLE_DEBUG_INFO = NO;
				SDKROOT = iphoneos;
				SWIFT_OPTIMIZATION_LEVEL = "-Owholemodule";
				TARGETED_DEVICE_FAMILY = "1,2";
				VALIDATE_PRODUCT = YES;
			};
			name = Release;
		};
		F3D4A6DA1F7C716500B772EB /* Debug */ = {
			isa = XCBuildConfiguration;
			baseConfigurationReference = AB6C69AF4E48073020557B28 /* Pods-MDBSocials.debug.xcconfig */;
			buildSettings = {
				ASSETCATALOG_COMPILER_APPICON_NAME = AppIcon;
				DEVELOPMENT_TEAM = 8W895595MW;
				INFOPLIST_FILE = MDBSocials/Info.plist;
				LD_RUNPATH_SEARCH_PATHS = "$(inherited) @executable_path/Frameworks";
				PRODUCT_BUNDLE_IDENTIFIER = com.louieMcConnell.MDBSocials;
				PRODUCT_NAME = "$(TARGET_NAME)";
				SWIFT_VERSION = 3.0;
			};
			name = Debug;
		};
		F3D4A6DB1F7C716500B772EB /* Release */ = {
			isa = XCBuildConfiguration;
			baseConfigurationReference = 393A9355B53D26A38F36FB2D /* Pods-MDBSocials.release.xcconfig */;
			buildSettings = {
				ASSETCATALOG_COMPILER_APPICON_NAME = AppIcon;
				DEVELOPMENT_TEAM = 8W895595MW;
				INFOPLIST_FILE = MDBSocials/Info.plist;
				LD_RUNPATH_SEARCH_PATHS = "$(inherited) @executable_path/Frameworks";
				PRODUCT_BUNDLE_IDENTIFIER = com.louieMcConnell.MDBSocials;
				PRODUCT_NAME = "$(TARGET_NAME)";
				SWIFT_VERSION = 3.0;
			};
			name = Release;
		};
		F3D4A6DD1F7C716500B772EB /* Debug */ = {
			isa = XCBuildConfiguration;
			baseConfigurationReference = DAC0EB3C9CC38698739EEC4F /* Pods-MDBSocialsTests.debug.xcconfig */;
			buildSettings = {
				ALWAYS_EMBED_SWIFT_STANDARD_LIBRARIES = YES;
				BUNDLE_LOADER = "$(TEST_HOST)";
				DEVELOPMENT_TEAM = 8W895595MW;
				INFOPLIST_FILE = MDBSocialsTests/Info.plist;
				LD_RUNPATH_SEARCH_PATHS = "$(inherited) @executable_path/Frameworks @loader_path/Frameworks";
				PRODUCT_BUNDLE_IDENTIFIER = com.louieMcConnell.MDBSocialsTests;
				PRODUCT_NAME = "$(TARGET_NAME)";
				SWIFT_VERSION = 3.0;
				TEST_HOST = "$(BUILT_PRODUCTS_DIR)/MDBSocials.app/MDBSocials";
			};
			name = Debug;
		};
		F3D4A6DE1F7C716500B772EB /* Release */ = {
			isa = XCBuildConfiguration;
			baseConfigurationReference = D08BE2F7383E6DAF48FC4C04 /* Pods-MDBSocialsTests.release.xcconfig */;
			buildSettings = {
				ALWAYS_EMBED_SWIFT_STANDARD_LIBRARIES = YES;
				BUNDLE_LOADER = "$(TEST_HOST)";
				DEVELOPMENT_TEAM = 8W895595MW;
				INFOPLIST_FILE = MDBSocialsTests/Info.plist;
				LD_RUNPATH_SEARCH_PATHS = "$(inherited) @executable_path/Frameworks @loader_path/Frameworks";
				PRODUCT_BUNDLE_IDENTIFIER = com.louieMcConnell.MDBSocialsTests;
				PRODUCT_NAME = "$(TARGET_NAME)";
				SWIFT_VERSION = 3.0;
				TEST_HOST = "$(BUILT_PRODUCTS_DIR)/MDBSocials.app/MDBSocials";
			};
			name = Release;
		};
		F3D4A6E01F7C716500B772EB /* Debug */ = {
			isa = XCBuildConfiguration;
			baseConfigurationReference = 5BD74B6DD0AC9513E28C9E21 /* Pods-MDBSocialsUITests.debug.xcconfig */;
			buildSettings = {
				ALWAYS_EMBED_SWIFT_STANDARD_LIBRARIES = YES;
				DEVELOPMENT_TEAM = 8W895595MW;
				INFOPLIST_FILE = MDBSocialsUITests/Info.plist;
				LD_RUNPATH_SEARCH_PATHS = "$(inherited) @executable_path/Frameworks @loader_path/Frameworks";
				PRODUCT_BUNDLE_IDENTIFIER = com.louieMcConnell.MDBSocialsUITests;
				PRODUCT_NAME = "$(TARGET_NAME)";
				SWIFT_VERSION = 3.0;
				TEST_TARGET_NAME = MDBSocials;
			};
			name = Debug;
		};
		F3D4A6E11F7C716500B772EB /* Release */ = {
			isa = XCBuildConfiguration;
			baseConfigurationReference = B494236BFEEE58D6E92AF830 /* Pods-MDBSocialsUITests.release.xcconfig */;
			buildSettings = {
				ALWAYS_EMBED_SWIFT_STANDARD_LIBRARIES = YES;
				DEVELOPMENT_TEAM = 8W895595MW;
				INFOPLIST_FILE = MDBSocialsUITests/Info.plist;
				LD_RUNPATH_SEARCH_PATHS = "$(inherited) @executable_path/Frameworks @loader_path/Frameworks";
				PRODUCT_BUNDLE_IDENTIFIER = com.louieMcConnell.MDBSocialsUITests;
				PRODUCT_NAME = "$(TARGET_NAME)";
				SWIFT_VERSION = 3.0;
				TEST_TARGET_NAME = MDBSocials;
			};
			name = Release;
		};
/* End XCBuildConfiguration section */

/* Begin XCConfigurationList section */
		F3D4A6AC1F7C716500B772EB /* Build configuration list for PBXProject "MDBSocials" */ = {
			isa = XCConfigurationList;
			buildConfigurations = (
				F3D4A6D71F7C716500B772EB /* Debug */,
				F3D4A6D81F7C716500B772EB /* Release */,
			);
			defaultConfigurationIsVisible = 0;
			defaultConfigurationName = Release;
		};
		F3D4A6D91F7C716500B772EB /* Build configuration list for PBXNativeTarget "MDBSocials" */ = {
			isa = XCConfigurationList;
			buildConfigurations = (
				F3D4A6DA1F7C716500B772EB /* Debug */,
				F3D4A6DB1F7C716500B772EB /* Release */,
			);
			defaultConfigurationIsVisible = 0;
			defaultConfigurationName = Release;
		};
		F3D4A6DC1F7C716500B772EB /* Build configuration list for PBXNativeTarget "MDBSocialsTests" */ = {
			isa = XCConfigurationList;
			buildConfigurations = (
				F3D4A6DD1F7C716500B772EB /* Debug */,
				F3D4A6DE1F7C716500B772EB /* Release */,
			);
			defaultConfigurationIsVisible = 0;
			defaultConfigurationName = Release;
		};
		F3D4A6DF1F7C716500B772EB /* Build configuration list for PBXNativeTarget "MDBSocialsUITests" */ = {
			isa = XCConfigurationList;
			buildConfigurations = (
				F3D4A6E01F7C716500B772EB /* Debug */,
				F3D4A6E11F7C716500B772EB /* Release */,
			);
			defaultConfigurationIsVisible = 0;
			defaultConfigurationName = Release;
		};
/* End XCConfigurationList section */
	};
	rootObject = F3D4A6A91F7C716500B772EB /* Project object */;
}
